// !$*UTF8*$!
{
	archiveVersion = 1;
	classes = {
	};
	objectVersion = 55;
	objects = {

/* Begin PBXBuildFile section */
		D92995192765B36500615C3C /* AppDelegate.swift in Sources */ = {isa = PBXBuildFile; fileRef = D92995182765B36500615C3C /* AppDelegate.swift */; };
		D929951B2765B36500615C3C /* SceneDelegate.swift in Sources */ = {isa = PBXBuildFile; fileRef = D929951A2765B36500615C3C /* SceneDelegate.swift */; };
		D929951D2765B36500615C3C /* ViewController.swift in Sources */ = {isa = PBXBuildFile; fileRef = D929951C2765B36500615C3C /* ViewController.swift */; };
		D92995202765B36500615C3C /* Main.storyboard in Resources */ = {isa = PBXBuildFile; fileRef = D929951E2765B36500615C3C /* Main.storyboard */; };
		D92995222765B36600615C3C /* Assets.xcassets in Resources */ = {isa = PBXBuildFile; fileRef = D92995212765B36600615C3C /* Assets.xcassets */; };
		D92995252765B36600615C3C /* LaunchScreen.storyboard in Resources */ = {isa = PBXBuildFile; fileRef = D92995232765B36600615C3C /* LaunchScreen.storyboard */; };
		D92995492765B4DD00615C3C /* EntryViewController.swift in Sources */ = {isa = PBXBuildFile; fileRef = D92995482765B4DD00615C3C /* EntryViewController.swift */; };
		D929954B2765B50E00615C3C /* TaskViewController.swift in Sources */ = {isa = PBXBuildFile; fileRef = D929954A2765B50E00615C3C /* TaskViewController.swift */; };
/* End PBXBuildFile section */

/* Begin PBXContainerItemProxy section */
		D929952C2765B36600615C3C /* PBXContainerItemProxy */ = {
			isa = PBXContainerItemProxy;
			containerPortal = D929950D2765B36500615C3C /* Project object */;
			proxyType = 1;
			remoteGlobalIDString = D92995142765B36500615C3C;
			remoteInfo = TODOLIST;
		};
		D92995362765B36600615C3C /* PBXContainerItemProxy */ = {
			isa = PBXContainerItemProxy;
			containerPortal = D929950D2765B36500615C3C /* Project object */;
			proxyType = 1;
			remoteGlobalIDString = D92995142765B36500615C3C;
			remoteInfo = TODOLIST;
		};
/* End PBXContainerItemProxy section */

/* Begin PBXFileReference section */
		D92995152765B36500615C3C /* TODOLIST.app */ = {isa = PBXFileReference; explicitFileType = wrapper.application; includeInIndex = 0; path = TODOLIST.app; sourceTree = BUILT_PRODUCTS_DIR; };
		D92995182765B36500615C3C /* AppDelegate.swift */ = {isa = PBXFileReference; lastKnownFileType = sourcecode.swift; path = AppDelegate.swift; sourceTree = "<group>"; };
		D929951A2765B36500615C3C /* SceneDelegate.swift */ = {isa = PBXFileReference; lastKnownFileType = sourcecode.swift; path = SceneDelegate.swift; sourceTree = "<group>"; };
		D929951C2765B36500615C3C /* ViewController.swift */ = {isa = PBXFileReference; lastKnownFileType = sourcecode.swift; path = ViewController.swift; sourceTree = "<group>"; };
		D929951F2765B36500615C3C /* Base */ = {isa = PBXFileReference; lastKnownFileType = file.storyboard; name = Base; path = Base.lproj/Main.storyboard; sourceTree = "<group>"; };
		D92995212765B36600615C3C /* Assets.xcassets */ = {isa = PBXFileReference; lastKnownFileType = folder.assetcatalog; path = Assets.xcassets; sourceTree = "<group>"; };
		D92995242765B36600615C3C /* Base */ = {isa = PBXFileReference; lastKnownFileType = file.storyboard; name = Base; path = Base.lproj/LaunchScreen.storyboard; sourceTree = "<group>"; };
		D92995262765B36600615C3C /* Info.plist */ = {isa = PBXFileReference; lastKnownFileType = text.plist.xml; path = Info.plist; sourceTree = "<group>"; };
		D929952B2765B36600615C3C /* TODOLISTTests.xctest */ = {isa = PBXFileReference; explicitFileType = wrapper.cfbundle; includeInIndex = 0; path = TODOLISTTests.xctest; sourceTree = BUILT_PRODUCTS_DIR; };
		D92995352765B36600615C3C /* TODOLISTUITests.xctest */ = {isa = PBXFileReference; explicitFileType = wrapper.cfbundle; includeInIndex = 0; path = TODOLISTUITests.xctest; sourceTree = BUILT_PRODUCTS_DIR; };
		D92995482765B4DD00615C3C /* EntryViewController.swift */ = {isa = PBXFileReference; lastKnownFileType = sourcecode.swift; path = EntryViewController.swift; sourceTree = "<group>"; };
		D929954A2765B50E00615C3C /* TaskViewController.swift */ = {isa = PBXFileReference; lastKnownFileType = sourcecode.swift; path = TaskViewController.swift; sourceTree = "<group>"; };
/* End PBXFileReference section */

/* Begin PBXFrameworksBuildPhase section */
		D92995122765B36500615C3C /* Frameworks */ = {
			isa = PBXFrameworksBuildPhase;
			buildActionMask = 2147483647;
			files = (
			);
			runOnlyForDeploymentPostprocessing = 0;
		};
		D92995282765B36600615C3C /* Frameworks */ = {
			isa = PBXFrameworksBuildPhase;
			buildActionMask = 2147483647;
			files = (
			);
			runOnlyForDeploymentPostprocessing = 0;
		};
		D92995322765B36600615C3C /* Frameworks */ = {
			isa = PBXFrameworksBuildPhase;
			buildActionMask = 2147483647;
			files = (
			);
			runOnlyForDeploymentPostprocessing = 0;
		};
/* End PBXFrameworksBuildPhase section */

/* Begin PBXGroup section */
		D929950C2765B36500615C3C = {
			isa = PBXGroup;
			children = (
				D92995172765B36500615C3C /* TODOLIST */,
				D92995162765B36500615C3C /* Products */,
			);
			sourceTree = "<group>";
		};
		D92995162765B36500615C3C /* Products */ = {
			isa = PBXGroup;
			children = (
				D92995152765B36500615C3C /* TODOLIST.app */,
				D929952B2765B36600615C3C /* TODOLISTTests.xctest */,
				D92995352765B36600615C3C /* TODOLISTUITests.xctest */,
			);
			name = Products;
			sourceTree = "<group>";
		};
		D92995172765B36500615C3C /* TODOLIST */ = {
			isa = PBXGroup;
			children = (
				D92995182765B36500615C3C /* AppDelegate.swift */,
				D929951A2765B36500615C3C /* SceneDelegate.swift */,
				D929951C2765B36500615C3C /* ViewController.swift */,
				D929954A2765B50E00615C3C /* TaskViewController.swift */,
				D92995482765B4DD00615C3C /* EntryViewController.swift */,
				D929951E2765B36500615C3C /* Main.storyboard */,
				D92995212765B36600615C3C /* Assets.xcassets */,
				D92995232765B36600615C3C /* LaunchScreen.storyboard */,
				D92995262765B36600615C3C /* Info.plist */,
			);
			path = TODOLIST;
			sourceTree = "<group>";
		};
/* End PBXGroup section */

/* Begin PBXNativeTarget section */
		D92995142765B36500615C3C /* TODOLIST */ = {
			isa = PBXNativeTarget;
			buildConfigurationList = D929953F2765B36600615C3C /* Build configuration list for PBXNativeTarget "TODOLIST" */;
			buildPhases = (
				D92995112765B36500615C3C /* Sources */,
				D92995122765B36500615C3C /* Frameworks */,
				D92995132765B36500615C3C /* Resources */,
			);
			buildRules = (
			);
			dependencies = (
			);
			name = TODOLIST;
			productName = TODOLIST;
			productReference = D92995152765B36500615C3C /* TODOLIST.app */;
			productType = "com.apple.product-type.application";
		};
		D929952A2765B36600615C3C /* TODOLISTTests */ = {
			isa = PBXNativeTarget;
			buildConfigurationList = D92995422765B36600615C3C /* Build configuration list for PBXNativeTarget "TODOLISTTests" */;
			buildPhases = (
				D92995272765B36600615C3C /* Sources */,
				D92995282765B36600615C3C /* Frameworks */,
				D92995292765B36600615C3C /* Resources */,
			);
			buildRules = (
			);
			dependencies = (
				D929952D2765B36600615C3C /* PBXTargetDependency */,
			);
			name = TODOLISTTests;
			productName = TODOLISTTests;
			productReference = D929952B2765B36600615C3C /* TODOLISTTests.xctest */;
			productType = "com.apple.product-type.bundle.unit-test";
		};
		D92995342765B36600615C3C /* TODOLISTUITests */ = {
			isa = PBXNativeTarget;
			buildConfigurationList = D92995452765B36600615C3C /* Build configuration list for PBXNativeTarget "TODOLISTUITests" */;
			buildPhases = (
				D92995312765B36600615C3C /* Sources */,
				D92995322765B36600615C3C /* Frameworks */,
				D92995332765B36600615C3C /* Resources */,
			);
			buildRules = (
			);
			dependencies = (
				D92995372765B36600615C3C /* PBXTargetDependency */,
			);
			name = TODOLISTUITests;
			productName = TODOLISTUITests;
			productReference = D92995352765B36600615C3C /* TODOLISTUITests.xctest */;
			productType = "com.apple.product-type.bundle.ui-testing";
		};
/* End PBXNativeTarget section */

/* Begin PBXProject section */
		D929950D2765B36500615C3C /* Project object */ = {
			isa = PBXProject;
			attributes = {
				BuildIndependentTargetsInParallel = 1;
				LastSwiftUpdateCheck = 1310;
				LastUpgradeCheck = 1310;
				TargetAttributes = {
					D92995142765B36500615C3C = {
						CreatedOnToolsVersion = 13.1;
					};
					D929952A2765B36600615C3C = {
						CreatedOnToolsVersion = 13.1;
						TestTargetID = D92995142765B36500615C3C;
					};
					D92995342765B36600615C3C = {
						CreatedOnToolsVersion = 13.1;
						TestTargetID = D92995142765B36500615C3C;
					};
				};
			};
			buildConfigurationList = D92995102765B36500615C3C /* Build configuration list for PBXProject "TODOLIST" */;
			compatibilityVersion = "Xcode 13.0";
			developmentRegion = en;
			hasScannedForEncodings = 0;
			knownRegions = (
				en,
				Base,
			);
			mainGroup = D929950C2765B36500615C3C;
			productRefGroup = D92995162765B36500615C3C /* Products */;
			projectDirPath = "";
			projectRoot = "";
			targets = (
				D92995142765B36500615C3C /* TODOLIST */,
				D929952A2765B36600615C3C /* TODOLISTTests */,
				D92995342765B36600615C3C /* TODOLISTUITests */,
			);
		};
/* End PBXProject section */

/* Begin PBXResourcesBuildPhase section */
		D92995132765B36500615C3C /* Resources */ = {
			isa = PBXResourcesBuildPhase;
			buildActionMask = 2147483647;
			files = (
				D92995252765B36600615C3C /* LaunchScreen.storyboard in Resources */,
				D92995222765B36600615C3C /* Assets.xcassets in Resources */,
				D92995202765B36500615C3C /* Main.storyboard in Resources */,
			);
			runOnlyForDeploymentPostprocessing = 0;
		};
		D92995292765B36600615C3C /* Resources */ = {
			isa = PBXResourcesBuildPhase;
			buildActionMask = 2147483647;
			files = (
			);
			runOnlyForDeploymentPostprocessing = 0;
		};
		D92995332765B36600615C3C /* Resources */ = {
			isa = PBXResourcesBuildPhase;
			buildActionMask = 2147483647;
			files = (
			);
			runOnlyForDeploymentPostprocessing = 0;
		};
/* End PBXResourcesBuildPhase section */

/* Begin PBXSourcesBuildPhase section */
		D92995112765B36500615C3C /* Sources */ = {
			isa = PBXSourcesBuildPhase;
			buildActionMask = 2147483647;
			files = (
				D929951D2765B36500615C3C /* ViewController.swift in Sources */,
				D92995492765B4DD00615C3C /* EntryViewController.swift in Sources */,
				D929954B2765B50E00615C3C /* TaskViewController.swift in Sources */,
				D92995192765B36500615C3C /* AppDelegate.swift in Sources */,
				D929951B2765B36500615C3C /* SceneDelegate.swift in Sources */,
			);
			runOnlyForDeploymentPostprocessing = 0;
		};
		D92995272765B36600615C3C /* Sources */ = {
			isa = PBXSourcesBuildPhase;
			buildActionMask = 2147483647;
			files = (
			);
			runOnlyForDeploymentPostprocessing = 0;
		};
		D92995312765B36600615C3C /* Sources */ = {
			isa = PBXSourcesBuildPhase;
			buildActionMask = 2147483647;
			files = (
			);
			runOnlyForDeploymentPostprocessing = 0;
		};
/* End PBXSourcesBuildPhase section */

/* Begin PBXTargetDependency section */
		D929952D2765B36600615C3C /* PBXTargetDependency */ = {
			isa = PBXTargetDependency;
			target = D92995142765B36500615C3C /* TODOLIST */;
			targetProxy = D929952C2765B36600615C3C /* PBXContainerItemProxy */;
		};
		D92995372765B36600615C3C /* PBXTargetDependency */ = {
			isa = PBXTargetDependency;
			target = D92995142765B36500615C3C /* TODOLIST */;
			targetProxy = D92995362765B36600615C3C /* PBXContainerItemProxy */;
		};
/* End PBXTargetDependency section */

/* Begin PBXVariantGroup section */
		D929951E2765B36500615C3C /* Main.storyboard */ = {
			isa = PBXVariantGroup;
			children = (
				D929951F2765B36500615C3C /* Base */,
			);
			name = Main.storyboard;
			sourceTree = "<group>";
		};
		D92995232765B36600615C3C /* LaunchScreen.storyboard */ = {
			isa = PBXVariantGroup;
			children = (
				D92995242765B36600615C3C /* Base */,
			);
			name = LaunchScreen.storyboard;
			sourceTree = "<group>";
		};
/* End PBXVariantGroup section */

/* Begin XCBuildConfiguration section */
		D929953D2765B36600615C3C /* Debug */ = {
			isa = XCBuildConfiguration;
			buildSettings = {
				ALWAYS_SEARCH_USER_PATHS = NO;
				CLANG_ANALYZER_NONNULL = YES;
				CLANG_ANALYZER_NUMBER_OBJECT_CONVERSION = YES_AGGRESSIVE;
				CLANG_CXX_LANGUAGE_STANDARD = "gnu++17";
				CLANG_CXX_LIBRARY = "libc++";
				CLANG_ENABLE_MODULES = YES;
				CLANG_ENABLE_OBJC_ARC = YES;
				CLANG_ENABLE_OBJC_WEAK = YES;
				CLANG_WARN_BLOCK_CAPTURE_AUTORELEASING = YES;
				CLANG_WARN_BOOL_CONVERSION = YES;
				CLANG_WARN_COMMA = YES;
				CLANG_WARN_CONSTANT_CONVERSION = YES;
				CLANG_WARN_DEPRECATED_OBJC_IMPLEMENTATIONS = YES;
				CLANG_WARN_DIRECT_OBJC_ISA_USAGE = YES_ERROR;
				CLANG_WARN_DOCUMENTATION_COMMENTS = YES;
				CLANG_WARN_EMPTY_BODY = YES;
				CLANG_WARN_ENUM_CONVERSION = YES;
				CLANG_WARN_INFINITE_RECURSION = YES;
				CLANG_WARN_INT_CONVERSION = YES;
				CLANG_WARN_NON_LITERAL_NULL_CONVERSION = YES;
				CLANG_WARN_OBJC_IMPLICIT_RETAIN_SELF = YES;
				CLANG_WARN_OBJC_LITERAL_CONVERSION = YES;
				CLANG_WARN_OBJC_ROOT_CLASS = YES_ERROR;
				CLANG_WARN_QUOTED_INCLUDE_IN_FRAMEWORK_HEADER = YES;
				CLANG_WARN_RANGE_LOOP_ANALYSIS = YES;
				CLANG_WARN_STRICT_PROTOTYPES = YES;
				CLANG_WARN_SUSPICIOUS_MOVE = YES;
				CLANG_WARN_UNGUARDED_AVAILABILITY = YES_AGGRESSIVE;
				CLANG_WARN_UNREACHABLE_CODE = YES;
				CLANG_WARN__DUPLICATE_METHOD_MATCH = YES;
				COPY_PHASE_STRIP = NO;
				DEBUG_INFORMATION_FORMAT = dwarf;
				ENABLE_STRICT_OBJC_MSGSEND = YES;
				ENABLE_TESTABILITY = YES;
				GCC_C_LANGUAGE_STANDARD = gnu11;
				GCC_DYNAMIC_NO_PIC = NO;
				GCC_NO_COMMON_BLOCKS = YES;
				GCC_OPTIMIZATION_LEVEL = 0;
				GCC_PREPROCESSOR_DEFINITIONS = (
					"DEBUG=1",
					"$(inherited)",
				);
				GCC_WARN_64_TO_32_BIT_CONVERSION = YES;
				GCC_WARN_ABOUT_RETURN_TYPE = YES_ERROR;
				GCC_WARN_UNDECLARED_SELECTOR = YES;
				GCC_WARN_UNINITIALIZED_AUTOS = YES_AGGRESSIVE;
				GCC_WARN_UNUSED_FUNCTION = YES;
				GCC_WARN_UNUSED_VARIABLE = YES;
				IPHONEOS_DEPLOYMENT_TARGET = 15.0;
				MTL_ENABLE_DEBUG_INFO = INCLUDE_SOURCE;
				MTL_FAST_MATH = YES;
				ONLY_ACTIVE_ARCH = YES;
				SDKROOT = iphoneos;
				SWIFT_ACTIVE_COMPILATION_CONDITIONS = DEBUG;
				SWIFT_OPTIMIZATION_LEVEL = "-Onone";
			};
			name = Debug;
		};
		D929953E2765B36600615C3C /* Release */ = {
			isa = XCBuildConfiguration;
			buildSettings = {
				ALWAYS_SEARCH_USER_PATHS = NO;
				CLANG_ANALYZER_NONNULL = YES;
				CLANG_ANALYZER_NUMBER_OBJECT_CONVERSION = YES_AGGRESSIVE;
				CLANG_CXX_LANGUAGE_STANDARD = "gnu++17";
				CLANG_CXX_LIBRARY = "libc++";
				CLANG_ENABLE_MODULES = YES;
				CLANG_ENABLE_OBJC_ARC = YES;
				CLANG_ENABLE_OBJC_WEAK = YES;
				CLANG_WARN_BLOCK_CAPTURE_AUTORELEASING = YES;
				CLANG_WARN_BOOL_CONVERSION = YES;
				CLANG_WARN_COMMA = YES;
				CLANG_WARN_CONSTANT_CONVERSION = YES;
				CLANG_WARN_DEPRECATED_OBJC_IMPLEMENTATIONS = YES;
				CLANG_WARN_DIRECT_OBJC_ISA_USAGE = YES_ERROR;
				CLANG_WARN_DOCUMENTATION_COMMENTS = YES;
				CLANG_WARN_EMPTY_BODY = YES;
				CLANG_WARN_ENUM_CONVERSION = YES;
				CLANG_WARN_INFINITE_RECURSION = YES;
				CLANG_WARN_INT_CONVERSION = YES;
				CLANG_WARN_NON_LITERAL_NULL_CONVERSION = YES;
				CLANG_WARN_OBJC_IMPLICIT_RETAIN_SELF = YES;
				CLANG_WARN_OBJC_LITERAL_CONVERSION = YES;
				CLANG_WARN_OBJC_ROOT_CLASS = YES_ERROR;
				CLANG_WARN_QUOTED_INCLUDE_IN_FRAMEWORK_HEADER = YES;
				CLANG_WARN_RANGE_LOOP_ANALYSIS = YES;
				CLANG_WARN_STRICT_PROTOTYPES = YES;
				CLANG_WARN_SUSPICIOUS_MOVE = YES;
				CLANG_WARN_UNGUARDED_AVAILABILITY = YES_AGGRESSIVE;
				CLANG_WARN_UNREACHABLE_CODE = YES;
				CLANG_WARN__DUPLICATE_METHOD_MATCH = YES;
				COPY_PHASE_STRIP = NO;
				DEBUG_INFORMATION_FORMAT = "dwarf-with-dsym";
				ENABLE_NS_ASSERTIONS = NO;
				ENABLE_STRICT_OBJC_MSGSEND = YES;
				GCC_C_LANGUAGE_STANDARD = gnu11;
				GCC_NO_COMMON_BLOCKS = YES;
				GCC_WARN_64_TO_32_BIT_CONVERSION = YES;
				GCC_WARN_ABOUT_RETURN_TYPE = YES_ERROR;
				GCC_WARN_UNDECLARED_SELECTOR = YES;
				GCC_WARN_UNINITIALIZED_AUTOS = YES_AGGRESSIVE;
				GCC_WARN_UNUSED_FUNCTION = YES;
				GCC_WARN_UNUSED_VARIABLE = YES;
				IPHONEOS_DEPLOYMENT_TARGET = 15.0;
				MTL_ENABLE_DEBUG_INFO = NO;
				MTL_FAST_MATH = YES;
				SDKROOT = iphoneos;
				SWIFT_COMPILATION_MODE = wholemodule;
				SWIFT_OPTIMIZATION_LEVEL = "-O";
				VALIDATE_PRODUCT = YES;
			};
			name = Release;
		};
		D92995402765B36600615C3C /* Debug */ = {
			isa = XCBuildConfiguration;
			buildSettings = {
				ASSETCATALOG_COMPILER_APPICON_NAME = AppIcon;
				ASSETCATALOG_COMPILER_GLOBAL_ACCENT_COLOR_NAME = AccentColor;
				CODE_SIGN_STYLE = Automatic;
				CURRENT_PROJECT_VERSION = 1;
				GENERATE_INFOPLIST_FILE = YES;
				INFOPLIST_FILE = TODOLIST/Info.plist;
				INFOPLIST_KEY_UIApplicationSupportsIndirectInputEvents = YES;
				INFOPLIST_KEY_UILaunchStoryboardName = LaunchScreen;
				INFOPLIST_KEY_UIMainStoryboardFile = Main;
				INFOPLIST_KEY_UISupportedInterfaceOrientations_iPad = "UIInterfaceOrientationPortrait UIInterfaceOrientationPortraitUpsideDown UIInterfaceOrientationLandscapeLeft UIInterfaceOrientationLandscapeRight";
				INFOPLIST_KEY_UISupportedInterfaceOrientations_iPhone = "UIInterfaceOrientationPortrait UIInterfaceOrientationLandscapeLeft UIInterfaceOrientationLandscapeRight";
				LD_RUNPATH_SEARCH_PATHS = (
					"$(inherited)",
					"@executable_path/Frameworks",
				);
				MARKETING_VERSION = 1.0;
				PRODUCT_BUNDLE_IDENTIFIER = "Kyle-Woo.TODOLIST";
				PRODUCT_NAME = "$(TARGET_NAME)";
				SWIFT_EMIT_LOC_STRINGS = YES;
				SWIFT_VERSION = 5.0;
				TARGETED_DEVICE_FAMILY = "1,2";
			};
			name = Debug;
		};
		D92995412765B36600615C3C /* Release */ = {
			isa = XCBuildConfiguration;
			buildSettings = {
				ASSETCATALOG_COMPILER_APPICON_NAME = AppIcon;
				ASSETCATALOG_COMPILER_GLOBAL_ACCENT_COLOR_NAME = AccentColor;
				CODE_SIGN_STYLE = Automatic;
				CURRENT_PROJECT_VERSION = 1;
				GENERATE_INFOPLIST_FILE = YES;
				INFOPLIST_FILE = TODOLIST/Info.plist;
				INFOPLIST_KEY_UIApplicationSupportsIndirectInputEvents = YES;
				INFOPLIST_KEY_UILaunchStoryboardName = LaunchScreen;
				INFOPLIST_KEY_UIMainStoryboardFile = Main;
				INFOPLIST_KEY_UISupportedInterfaceOrientations_iPad = "UIInterfaceOrientationPortrait UIInterfaceOrientationPortraitUpsideDown UIInterfaceOrientationLandscapeLeft UIInterfaceOrientationLandscapeRight";
				INFOPLIST_KEY_UISupportedInterfaceOrientations_iPhone = "UIInterfaceOrientationPortrait UIInterfaceOrientationLandscapeLeft UIInterfaceOrientationLandscapeRight";
				LD_RUNPATH_SEARCH_PATHS = (
					"$(inherited)",
					"@executable_path/Frameworks",
				);
				MARKETING_VERSION = 1.0;
				PRODUCT_BUNDLE_IDENTIFIER = "Kyle-Woo.TODOLIST";
				PRODUCT_NAME = "$(TARGET_NAME)";
				SWIFT_EMIT_LOC_STRINGS = YES;
				SWIFT_VERSION = 5.0;
				TARGETED_DEVICE_FAMILY = "1,2";
			};
			name = Release;
		};
		D92995432765B36600615C3C /* Debug */ = {
			isa = XCBuildConfiguration;
			buildSettings = {
				ALWAYS_EMBED_SWIFT_STANDARD_LIBRARIES = YES;
				BUNDLE_LOADER = "$(TEST_HOST)";
				CODE_SIGN_STYLE = Automatic;
				CURRENT_PROJECT_VERSION = 1;
				GENERATE_INFOPLIST_FILE = YES;
				IPHONEOS_DEPLOYMENT_TARGET = 15.0;
				LD_RUNPATH_SEARCH_PATHS = (
					"$(inherited)",
					"@executable_path/Frameworks",
					"@loader_path/Frameworks",
				);
				MARKETING_VERSION = 1.0;
				PRODUCT_BUNDLE_IDENTIFIER = "Kyle-Woo.TODOLISTTests";
				PRODUCT_NAME = "$(TARGET_NAME)";
				SWIFT_EMIT_LOC_STRINGS = NO;
				SWIFT_VERSION = 5.0;
				TARGETED_DEVICE_FAMILY = "1,2";
				TEST_HOST = "$(BUILT_PRODUCTS_DIR)/TODOLIST.app/TODOLIST";
			};
			name = Debug;
		};
		D92995442765B36600615C3C /* Release */ = {
			isa = XCBuildConfiguration;
			buildSettings = {
				ALWAYS_EMBED_SWIFT_STANDARD_LIBRARIES = YES;
				BUNDLE_LOADER = "$(TEST_HOST)";
				CODE_SIGN_STYLE = Automatic;
				CURRENT_PROJECT_VERSION = 1;
				GENERATE_INFOPLIST_FILE = YES;
				IPHONEOS_DEPLOYMENT_TARGET = 15.0;
				LD_RUNPATH_SEARCH_PATHS = (
					"$(inherited)",
					"@executable_path/Frameworks",
					"@loader_path/Frameworks",
				);
				MARKETING_VERSION = 1.0;
				PRODUCT_BUNDLE_IDENTIFIER = "Kyle-Woo.TODOLISTTests";
				PRODUCT_NAME = "$(TARGET_NAME)";
				SWIFT_EMIT_LOC_STRINGS = NO;
				SWIFT_VERSION = 5.0;
				TARGETED_DEVICE_FAMILY = "1,2";
				TEST_HOST = "$(BUILT_PRODUCTS_DIR)/TODOLIST.app/TODOLIST";
			};
			name = Release;
		};
		D92995462765B36600615C3C /* Debug */ = {
			isa = XCBuildConfiguration;
			buildSettings = {
				ALWAYS_EMBED_SWIFT_STANDARD_LIBRARIES = YES;
				CODE_SIGN_STYLE = Automatic;
				CURRENT_PROJECT_VERSION = 1;
				GENERATE_INFOPLIST_FILE = YES;
				LD_RUNPATH_SEARCH_PATHS = (
					"$(inherited)",
					"@executable_path/Frameworks",
					"@loader_path/Frameworks",
				);
				MARKETING_VERSION = 1.0;
				PRODUCT_BUNDLE_IDENTIFIER = "Kyle-Woo.TODOLISTUITests";
				PRODUCT_NAME = "$(TARGET_NAME)";
				SWIFT_EMIT_LOC_STRINGS = NO;
				SWIFT_VERSION = 5.0;
				TARGETED_DEVICE_FAMILY = "1,2";
				TEST_TARGET_NAME = TODOLIST;
			};
			name = Debug;
		};
		D92995472765B36600615C3C /* Release */ = {
			isa = XCBuildConfiguration;
			buildSettings = {
				ALWAYS_EMBED_SWIFT_STANDARD_LIBRARIES = YES;
				CODE_SIGN_STYLE = Automatic;
				CURRENT_PROJECT_VERSION = 1;
				GENERATE_INFOPLIST_FILE = YES;
				LD_RUNPATH_SEARCH_PATHS = (
					"$(inherited)",
					"@executable_path/Frameworks",
					"@loader_path/Frameworks",
				);
				MARKETING_VERSION = 1.0;
				PRODUCT_BUNDLE_IDENTIFIER = "Kyle-Woo.TODOLISTUITests";
				PRODUCT_NAME = "$(TARGET_NAME)";
				SWIFT_EMIT_LOC_STRINGS = NO;
				SWIFT_VERSION = 5.0;
				TARGETED_DEVICE_FAMILY = "1,2";
				TEST_TARGET_NAME = TODOLIST;
			};
			name = Release;
		};
/* End XCBuildConfiguration section */

/* Begin XCConfigurationList section */
		D92995102765B36500615C3C /* Build configuration list for PBXProject "TODOLIST" */ = {
			isa = XCConfigurationList;
			buildConfigurations = (
				D929953D2765B36600615C3C /* Debug */,
				D929953E2765B36600615C3C /* Release */,
			);
			defaultConfigurationIsVisible = 0;
			defaultConfigurationName = Release;
		};
		D929953F2765B36600615C3C /* Build configuration list for PBXNativeTarget "TODOLIST" */ = {
			isa = XCConfigurationList;
			buildConfigurations = (
				D92995402765B36600615C3C /* Debug */,
				D92995412765B36600615C3C /* Release */,
			);
			defaultConfigurationIsVisible = 0;
			defaultConfigurationName = Release;
		};
		D92995422765B36600615C3C /* Build configuration list for PBXNativeTarget "TODOLISTTests" */ = {
			isa = XCConfigurationList;
			buildConfigurations = (
				D92995432765B36600615C3C /* Debug */,
				D92995442765B36600615C3C /* Release */,
			);
			defaultConfigurationIsVisible = 0;
			defaultConfigurationName = Release;
		};
		D92995452765B36600615C3C /* Build configuration list for PBXNativeTarget "TODOLISTUITests" */ = {
			isa = XCConfigurationList;
			buildConfigurations = (
				D92995462765B36600615C3C /* Debug */,
				D92995472765B36600615C3C /* Release */,
			);
			defaultConfigurationIsVisible = 0;
			defaultConfigurationName = Release;
		};
/* End XCConfigurationList section */
	};
	rootObject = D929950D2765B36500615C3C /* Project object */;
}
